
Microsoft Visual Studio Solution File, Format Version 12.00
# Visual Studio Version 17
VisualStudioVersion = 17.8.34330.188
MinimumVisualStudioVersion = 10.0.40219.1
Project("{FAE04EC0-301F-11D3-BF4B-00C04F79EFBC}") = "MauiEx1", "MauiEx1\MauiEx1.csproj", "{1CE91083-CBAC-4DE1-9619-46A80FC550FB}"
EndProject
Global
	GlobalSection(SolutionConfigurationPlatforms) = preSolution
		Debug|Any CPU = Debug|Any CPU
		Release|Any CPU = Release|Any CPU
	EndGlobalSection
	GlobalSection(ProjectConfigurationPlatforms) = postSolution
		{1CE91083-CBAC-4DE1-9619-46A80FC550FB}.Debug|Any CPU.ActiveCfg = Debug|Any CPU
		{1CE91083-CBAC-4DE1-9619-46A80FC550FB}.Debug|Any CPU.Build.0 = Debug|Any CPU
		{1CE91083-CBAC-4DE1-9619-46A80FC550FB}.Debug|Any CPU.Deploy.0 = Debug|Any CPU
		{1CE91083-CBAC-4DE1-9619-46A80FC550FB}.Release|Any CPU.ActiveCfg = Release|Any CPU
		{1CE91083-CBAC-4DE1-9619-46A80FC550FB}.Release|Any CPU.Build.0 = Release|Any CPU
		{1CE91083-CBAC-4DE1-9619-46A80FC550FB}.Release|Any CPU.Deploy.0 = Release|Any CPU
	EndGlobalSection
	GlobalSection(SolutionProperties) = preSolution
		HideSolutionNode = FALSE
	EndGlobalSection
	GlobalSection(ExtensibilityGlobals) = postSolution
		SolutionGuid = {AC740D3C-42C7-4B50-9405-EE0FAC32A404}
	EndGlobalSection
EndGlobal
